<?xml version="1.0" encoding="utf-8"?>
<Project ToolsVersion="4.0" xmlns="http://schemas.microsoft.com/developer/msbuild/2003">
  <ItemGroup>
    <ClCompile Include="src\sprite_move_controller.cpp">
      <Filter>Source Files</Filter>
    </ClCompile>
    <ClCompile Include="src\game_main.cpp">
      <Filter>Source Files</Filter>
    </ClCompile>
    <ClCompile Include="src\sprite.cpp">
      <Filter>Source Files</Filter>
    </ClCompile>
    <ClCompile Include="src\sprite_animation.cpp">
      <Filter>Source Files</Filter>
    </ClCompile>
    <ClCompile Include="src\utilities.cpp">
      <Filter>Source Files</Filter>
    </ClCompile>
    <ClCompile Include="src\ai_controller.cpp">
      <Filter>Source Files</Filter>
    </ClCompile>
    <ClCompile Include="src\scene_ending.cpp">
      <Filter>Source Files</Filter>
    </ClCompile>
    <ClCompile Include="src\scene_gameplay.cpp">
      <Filter>Source Files</Filter>
    </ClCompile>
    <ClCompile Include="src\scene_logo.cpp">
      <Filter>Source Files</Filter>
    </ClCompile>
    <ClCompile Include="src\scene_manager.cpp">
      <Filter>Source Files</Filter>
    </ClCompile>
    <ClCompile Include="src\scene_options.cpp">
      <Filter>Source Files</Filter>
    </ClCompile>
    <ClCompile Include="src\scene_title.cpp">
      <Filter>Source Files</Filter>
    </ClCompile>
  </ItemGroup>
  <ItemGroup>
    <ClInclude Include="src\sprite_move_controller.h">
      <Filter>Header Files</Filter>
    </ClInclude>
    <ClInclude Include="src\sprite.h">
      <Filter>Header Files</Filter>
    </ClInclude>
    <ClInclude Include="src\sprite_animation.h">
      <Filter>Header Files</Filter>
    </ClInclude>
    <ClInclude Include="src\utilities.h">
      <Filter>Header Files</Filter>
    </ClInclude>
    <ClInclude Include="src\game.h">
      <Filter>Header Files</Filter>
    </ClInclude>
    <ClInclude Include="src\ai_controller.h">
      <Filter>Header Files</Filter>
    </ClInclude>
    <ClInclude Include="src\scene.h">
      <Filter>Header Files</Filter>
    </ClInclude>
    <ClInclude Include="src\scene_ending.h">
      <Filter>Header Files</Filter>
    </ClInclude>
    <ClInclude Include="src\scene_gameplay.h">
      <Filter>Header Files</Filter>
    </ClInclude>
    <ClInclude Include="src\scene_manager.h">
      <Filter>Header Files</Filter>
    </ClInclude>
    <ClInclude Include="src\scene_logo.h">
      <Filter>Header Files</Filter>
    </ClInclude>
    <ClInclude Include="src\scene_options.h">
      <Filter>Header Files</Filter>
    </ClInclude>
    <ClInclude Include="src\scene_title.h">
      <Filter>Header Files</Filter>
    </ClInclude>
  </ItemGroup>
  <ItemGroup>
    <Filter Include="Header Files">
      <UniqueIdentifier>{0914f8a8-4fdb-48e3-a9e5-2f535859f5bb}</UniqueIdentifier>
    </Filter>
    <Filter Include="Source Files">
      <UniqueIdentifier>{36b68434-d64b-4647-b357-908221541365}</UniqueIdentifier>
    </Filter>
  </ItemGroup>
  <ItemGroup>
    <ResourceCompile Include="herdingcats.rc" />
  </ItemGroup>
</Project>